
Microsoft Visual Studio Solution File, Format Version 12.00
# Visual Studio Version 16
VisualStudioVersion = 16.0.29409.12
MinimumVisualStudioVersion = 10.0.40219.1
Project("{9A19103F-16F7-4668-BE54-9A1E7A4F7556}") = "GeekBurger.UI", "GeekBurger.UI\GeekBurger.UI.csproj", "{FC1B5CC2-5A07-41A0-A0F4-BA3ED4BCE916}"
EndProject
Project("{9A19103F-16F7-4668-BE54-9A1E7A4F7556}") = "GeekBurger.UI.Contract", "GeekBurger.UI.Contract\GeekBurger.UI.Contract.csproj", "{307991F7-E93C-43D0-A02B-3B6F6BEB54B1}"
EndProject
Global
	GlobalSection(SolutionConfigurationPlatforms) = preSolution
		Debug|Any CPU = Debug|Any CPU
		Release|Any CPU = Release|Any CPU
	EndGlobalSection
	GlobalSection(ProjectConfigurationPlatforms) = postSolution
		{FC1B5CC2-5A07-41A0-A0F4-BA3ED4BCE916}.Debug|Any CPU.ActiveCfg = Debug|Any CPU
		{FC1B5CC2-5A07-41A0-A0F4-BA3ED4BCE916}.Debug|Any CPU.Build.0 = Debug|Any CPU
		{FC1B5CC2-5A07-41A0-A0F4-BA3ED4BCE916}.Release|Any CPU.ActiveCfg = Debug|Any CPU
		{FC1B5CC2-5A07-41A0-A0F4-BA3ED4BCE916}.Release|Any CPU.Build.0 = Debug|Any CPU
		{307991F7-E93C-43D0-A02B-3B6F6BEB54B1}.Debug|Any CPU.ActiveCfg = Debug|Any CPU
		{307991F7-E93C-43D0-A02B-3B6F6BEB54B1}.Debug|Any CPU.Build.0 = Debug|Any CPU
		{307991F7-E93C-43D0-A02B-3B6F6BEB54B1}.Release|Any CPU.ActiveCfg = Debug|Any CPU
		{307991F7-E93C-43D0-A02B-3B6F6BEB54B1}.Release|Any CPU.Build.0 = Debug|Any CPU
	EndGlobalSection
	GlobalSection(SolutionProperties) = preSolution
		HideSolutionNode = FALSE
	EndGlobalSection
	GlobalSection(ExtensibilityGlobals) = postSolution
		SolutionGuid = {B0008F03-3237-405A-B92C-B7D10FCE750E}
	EndGlobalSection
EndGlobal
