
Microsoft Visual Studio Solution File, Format Version 12.00
# Visual Studio Version 16
VisualStudioVersion = 16.0.29409.12
MinimumVisualStudioVersion = 10.0.40219.1
Project("{9A19103F-16F7-4668-BE54-9A1E7A4F7556}") = "GeekBurger.UI", "GeekBurger.UI\GeekBurger.UI.csproj", "{FC1B5CC2-5A07-41A0-A0F4-BA3ED4BCE916}"
EndProject
Project("{9A19103F-16F7-4668-BE54-9A1E7A4F7556}") = "GeekBurger.UI.Contract", "GeekBurger.UI.Contract\GeekBurger.UI.Contract.csproj", "{307991F7-E93C-43D0-A02B-3B6F6BEB54B1}"
EndProject
Project("{FAE04EC0-301F-11D3-BF4B-00C04F79EFBC}") = "GeekBurger.UI.Tests", "GeekBurger.UI.Tests\GeekBurger.UI.Tests.csproj", "{89A2DA52-74BD-4FDA-81D5-636C0A85F5D5}"
EndProject
Project("{FAE04EC0-301F-11D3-BF4B-00C04F79EFBC}") = "GeekBurger.UI.Mock", "GeekBurger.UI.Mock\GeekBurger.UI.Mock.csproj", "{AB4ACF72-0B19-4861-8C0A-452824C896D9}"
EndProject
Global
	GlobalSection(SolutionConfigurationPlatforms) = preSolution
		Debug|Any CPU = Debug|Any CPU
		Release|Any CPU = Release|Any CPU
	EndGlobalSection
	GlobalSection(ProjectConfigurationPlatforms) = postSolution
		{FC1B5CC2-5A07-41A0-A0F4-BA3ED4BCE916}.Debug|Any CPU.ActiveCfg = Debug|Any CPU
		{FC1B5CC2-5A07-41A0-A0F4-BA3ED4BCE916}.Debug|Any CPU.Build.0 = Debug|Any CPU
		{FC1B5CC2-5A07-41A0-A0F4-BA3ED4BCE916}.Release|Any CPU.ActiveCfg = Debug|Any CPU
		{FC1B5CC2-5A07-41A0-A0F4-BA3ED4BCE916}.Release|Any CPU.Build.0 = Debug|Any CPU
		{307991F7-E93C-43D0-A02B-3B6F6BEB54B1}.Debug|Any CPU.ActiveCfg = Debug|Any CPU
		{307991F7-E93C-43D0-A02B-3B6F6BEB54B1}.Debug|Any CPU.Build.0 = Debug|Any CPU
		{307991F7-E93C-43D0-A02B-3B6F6BEB54B1}.Release|Any CPU.ActiveCfg = Debug|Any CPU
		{307991F7-E93C-43D0-A02B-3B6F6BEB54B1}.Release|Any CPU.Build.0 = Debug|Any CPU
		{89A2DA52-74BD-4FDA-81D5-636C0A85F5D5}.Debug|Any CPU.ActiveCfg = Debug|Any CPU
		{89A2DA52-74BD-4FDA-81D5-636C0A85F5D5}.Debug|Any CPU.Build.0 = Debug|Any CPU
		{89A2DA52-74BD-4FDA-81D5-636C0A85F5D5}.Release|Any CPU.ActiveCfg = Release|Any CPU
		{89A2DA52-74BD-4FDA-81D5-636C0A85F5D5}.Release|Any CPU.Build.0 = Release|Any CPU
		{AB4ACF72-0B19-4861-8C0A-452824C896D9}.Debug|Any CPU.ActiveCfg = Debug|Any CPU
		{AB4ACF72-0B19-4861-8C0A-452824C896D9}.Debug|Any CPU.Build.0 = Debug|Any CPU
		{AB4ACF72-0B19-4861-8C0A-452824C896D9}.Release|Any CPU.ActiveCfg = Release|Any CPU
		{AB4ACF72-0B19-4861-8C0A-452824C896D9}.Release|Any CPU.Build.0 = Release|Any CPU
	EndGlobalSection
	GlobalSection(SolutionProperties) = preSolution
		HideSolutionNode = FALSE
	EndGlobalSection
	GlobalSection(ExtensibilityGlobals) = postSolution
		SolutionGuid = {B0008F03-3237-405A-B92C-B7D10FCE750E}
	EndGlobalSection
EndGlobal
